
Microsoft Visual Studio Solution File, Format Version 12.00
# Visual Studio 15
VisualStudioVersion = 15.0.27703.2035
MinimumVisualStudioVersion = 10.0.40219.1
Project("{FAE04EC0-301F-11D3-BF4B-00C04F79EFBC}") = "Gabot", "Gabot\Gabot.csproj", "{242CC91B-EA50-4EE4-B7AB-5691233A949C}"
EndProject
Global
	GlobalSection(SolutionConfigurationPlatforms) = preSolution
		Debug|Any CPU = Debug|Any CPU
		Release|Any CPU = Release|Any CPU
	EndGlobalSection
	GlobalSection(ProjectConfigurationPlatforms) = postSolution
		{242CC91B-EA50-4EE4-B7AB-5691233A949C}.Debug|Any CPU.ActiveCfg = Debug|Any CPU
		{242CC91B-EA50-4EE4-B7AB-5691233A949C}.Debug|Any CPU.Build.0 = Debug|Any CPU
		{242CC91B-EA50-4EE4-B7AB-5691233A949C}.Release|Any CPU.ActiveCfg = Release|Any CPU
		{242CC91B-EA50-4EE4-B7AB-5691233A949C}.Release|Any CPU.Build.0 = Release|Any CPU
	EndGlobalSection
	GlobalSection(SolutionProperties) = preSolution
		HideSolutionNode = FALSE
	EndGlobalSection
	GlobalSection(ExtensibilityGlobals) = postSolution
		SolutionGuid = {163BD42F-6349-46D0-8CC1-55FFEB8909CB}
	EndGlobalSection
EndGlobal
